// !$*UTF8*$!
{
	archiveVersion = 1;
	classes = {
	};
	objectVersion = 46;
	objects = {

/* Begin PBXBuildFile section */
		E0E04AA81DE73A1900F64B7C /* AppDelegate.swift in Sources */ = {isa = PBXBuildFile; fileRef = E0E04AA71DE73A1900F64B7C /* AppDelegate.swift */; };
		E0E04AAA1DE73A1900F64B7C /* ViewController.swift in Sources */ = {isa = PBXBuildFile; fileRef = E0E04AA91DE73A1900F64B7C /* ViewController.swift */; };
		E0E04AAD1DE73A1900F64B7C /* Main.storyboard in Resources */ = {isa = PBXBuildFile; fileRef = E0E04AAB1DE73A1900F64B7C /* Main.storyboard */; };
		E0E04AAF1DE73A1900F64B7C /* Assets.xcassets in Resources */ = {isa = PBXBuildFile; fileRef = E0E04AAE1DE73A1900F64B7C /* Assets.xcassets */; };
		E0E04AB21DE73A1900F64B7C /* LaunchScreen.storyboard in Resources */ = {isa = PBXBuildFile; fileRef = E0E04AB01DE73A1900F64B7C /* LaunchScreen.storyboard */; };
		E0E04ABD1DE73A1A00F64B7C /* demo_appTests.swift in Sources */ = {isa = PBXBuildFile; fileRef = E0E04ABC1DE73A1A00F64B7C /* demo_appTests.swift */; };
		E0E04AC81DE73A1A00F64B7C /* demo_appUITests.swift in Sources */ = {isa = PBXBuildFile; fileRef = E0E04AC71DE73A1A00F64B7C /* demo_appUITests.swift */; };
/* End PBXBuildFile section */

/* Begin PBXContainerItemProxy section */
		E0E04AB91DE73A1A00F64B7C /* PBXContainerItemProxy */ = {
			isa = PBXContainerItemProxy;
			containerPortal = E0E04A9C1DE73A1900F64B7C /* Project object */;
			proxyType = 1;
			remoteGlobalIDString = E0E04AA31DE73A1900F64B7C;
			remoteInfo = "demo-app";
		};
		E0E04AC41DE73A1A00F64B7C /* PBXContainerItemProxy */ = {
			isa = PBXContainerItemProxy;
			containerPortal = E0E04A9C1DE73A1900F64B7C /* Project object */;
			proxyType = 1;
			remoteGlobalIDString = E0E04AA31DE73A1900F64B7C;
			remoteInfo = "demo-app";
		};
/* End PBXContainerItemProxy section */

/* Begin PBXFileReference section */
		E0E04AA41DE73A1900F64B7C /* demo-app.app */ = {isa = PBXFileReference; explicitFileType = wrapper.application; includeInIndex = 0; path = "demo-app.app"; sourceTree = BUILT_PRODUCTS_DIR; };
		E0E04AA71DE73A1900F64B7C /* AppDelegate.swift */ = {isa = PBXFileReference; lastKnownFileType = sourcecode.swift; path = AppDelegate.swift; sourceTree = "<group>"; };
		E0E04AA91DE73A1900F64B7C /* ViewController.swift */ = {isa = PBXFileReference; lastKnownFileType = sourcecode.swift; path = ViewController.swift; sourceTree = "<group>"; };
		E0E04AAC1DE73A1900F64B7C /* Base */ = {isa = PBXFileReference; lastKnownFileType = file.storyboard; name = Base; path = Base.lproj/Main.storyboard; sourceTree = "<group>"; };
		E0E04AAE1DE73A1900F64B7C /* Assets.xcassets */ = {isa = PBXFileReference; lastKnownFileType = folder.assetcatalog; path = Assets.xcassets; sourceTree = "<group>"; };
		E0E04AB11DE73A1900F64B7C /* Base */ = {isa = PBXFileReference; lastKnownFileType = file.storyboard; name = Base; path = Base.lproj/LaunchScreen.storyboard; sourceTree = "<group>"; };
		E0E04AB31DE73A1900F64B7C /* Info.plist */ = {isa = PBXFileReference; lastKnownFileType = text.plist.xml; path = Info.plist; sourceTree = "<group>"; };
		E0E04AB81DE73A1A00F64B7C /* demo-appTests.xctest */ = {isa = PBXFileReference; explicitFileType = wrapper.cfbundle; includeInIndex = 0; path = "demo-appTests.xctest"; sourceTree = BUILT_PRODUCTS_DIR; };
		E0E04ABC1DE73A1A00F64B7C /* demo_appTests.swift */ = {isa = PBXFileReference; lastKnownFileType = sourcecode.swift; path = demo_appTests.swift; sourceTree = "<group>"; };
		E0E04ABE1DE73A1A00F64B7C /* Info.plist */ = {isa = PBXFileReference; lastKnownFileType = text.plist.xml; path = Info.plist; sourceTree = "<group>"; };
		E0E04AC31DE73A1A00F64B7C /* demo-appUITests.xctest */ = {isa = PBXFileReference; explicitFileType = wrapper.cfbundle; includeInIndex = 0; path = "demo-appUITests.xctest"; sourceTree = BUILT_PRODUCTS_DIR; };
		E0E04AC71DE73A1A00F64B7C /* demo_appUITests.swift */ = {isa = PBXFileReference; lastKnownFileType = sourcecode.swift; path = demo_appUITests.swift; sourceTree = "<group>"; };
		E0E04AC91DE73A1A00F64B7C /* Info.plist */ = {isa = PBXFileReference; lastKnownFileType = text.plist.xml; path = Info.plist; sourceTree = "<group>"; };
/* End PBXFileReference section */

/* Begin PBXFrameworksBuildPhase section */
		E0E04AA11DE73A1900F64B7C /* Frameworks */ = {
			isa = PBXFrameworksBuildPhase;
			buildActionMask = 2147483647;
			files = (
			);
			runOnlyForDeploymentPostprocessing = 0;
		};
		E0E04AB51DE73A1A00F64B7C /* Frameworks */ = {
			isa = PBXFrameworksBuildPhase;
			buildActionMask = 2147483647;
			files = (
			);
			runOnlyForDeploymentPostprocessing = 0;
		};
		E0E04AC01DE73A1A00F64B7C /* Frameworks */ = {
			isa = PBXFrameworksBuildPhase;
			buildActionMask = 2147483647;
			files = (
			);
			runOnlyForDeploymentPostprocessing = 0;
		};
/* End PBXFrameworksBuildPhase section */

/* Begin PBXGroup section */
		E0E04A9B1DE73A1900F64B7C = {
			isa = PBXGroup;
			children = (
				E0E04AA61DE73A1900F64B7C /* demo-app */,
				E0E04ABB1DE73A1A00F64B7C /* demo-appTests */,
				E0E04AC61DE73A1A00F64B7C /* demo-appUITests */,
				E0E04AA51DE73A1900F64B7C /* Products */,
			);
			sourceTree = "<group>";
		};
		E0E04AA51DE73A1900F64B7C /* Products */ = {
			isa = PBXGroup;
			children = (
				E0E04AA41DE73A1900F64B7C /* demo-app.app */,
				E0E04AB81DE73A1A00F64B7C /* demo-appTests.xctest */,
				E0E04AC31DE73A1A00F64B7C /* demo-appUITests.xctest */,
			);
			name = Products;
			sourceTree = "<group>";
		};
		E0E04AA61DE73A1900F64B7C /* demo-app */ = {
			isa = PBXGroup;
			children = (
				E0E04AA71DE73A1900F64B7C /* AppDelegate.swift */,
				E0E04AA91DE73A1900F64B7C /* ViewController.swift */,
				E0E04AAB1DE73A1900F64B7C /* Main.storyboard */,
				E0E04AAE1DE73A1900F64B7C /* Assets.xcassets */,
				E0E04AB01DE73A1900F64B7C /* LaunchScreen.storyboard */,
				E0E04AB31DE73A1900F64B7C /* Info.plist */,
			);
			path = "demo-app";
			sourceTree = "<group>";
		};
		E0E04ABB1DE73A1A00F64B7C /* demo-appTests */ = {
			isa = PBXGroup;
			children = (
				E0E04ABC1DE73A1A00F64B7C /* demo_appTests.swift */,
				E0E04ABE1DE73A1A00F64B7C /* Info.plist */,
			);
			path = "demo-appTests";
			sourceTree = "<group>";
		};
		E0E04AC61DE73A1A00F64B7C /* demo-appUITests */ = {
			isa = PBXGroup;
			children = (
				E0E04AC71DE73A1A00F64B7C /* demo_appUITests.swift */,
				E0E04AC91DE73A1A00F64B7C /* Info.plist */,
			);
			path = "demo-appUITests";
			sourceTree = "<group>";
		};
/* End PBXGroup section */

/* Begin PBXNativeTarget section */
		E0E04AA31DE73A1900F64B7C /* demo-app */ = {
			isa = PBXNativeTarget;
			buildConfigurationList = E0E04ACC1DE73A1A00F64B7C /* Build configuration list for PBXNativeTarget "demo-app" */;
			buildPhases = (
				E0E04AA01DE73A1900F64B7C /* Sources */,
				E0E04AA11DE73A1900F64B7C /* Frameworks */,
				E0E04AA21DE73A1900F64B7C /* Resources */,
			);
			buildRules = (
			);
			dependencies = (
			);
			name = "demo-app";
			productName = "demo-app";
			productReference = E0E04AA41DE73A1900F64B7C /* demo-app.app */;
			productType = "com.apple.product-type.application";
		};
		E0E04AB71DE73A1A00F64B7C /* demo-appTests */ = {
			isa = PBXNativeTarget;
			buildConfigurationList = E0E04ACF1DE73A1A00F64B7C /* Build configuration list for PBXNativeTarget "demo-appTests" */;
			buildPhases = (
				E0E04AB41DE73A1A00F64B7C /* Sources */,
				E0E04AB51DE73A1A00F64B7C /* Frameworks */,
				E0E04AB61DE73A1A00F64B7C /* Resources */,
			);
			buildRules = (
			);
			dependencies = (
				E0E04ABA1DE73A1A00F64B7C /* PBXTargetDependency */,
			);
			name = "demo-appTests";
			productName = "demo-appTests";
			productReference = E0E04AB81DE73A1A00F64B7C /* demo-appTests.xctest */;
			productType = "com.apple.product-type.bundle.unit-test";
		};
		E0E04AC21DE73A1A00F64B7C /* demo-appUITests */ = {
			isa = PBXNativeTarget;
			buildConfigurationList = E0E04AD21DE73A1A00F64B7C /* Build configuration list for PBXNativeTarget "demo-appUITests" */;
			buildPhases = (
				E0E04ABF1DE73A1A00F64B7C /* Sources */,
				E0E04AC01DE73A1A00F64B7C /* Frameworks */,
				E0E04AC11DE73A1A00F64B7C /* Resources */,
			);
			buildRules = (
			);
			dependencies = (
				E0E04AC51DE73A1A00F64B7C /* PBXTargetDependency */,
			);
			name = "demo-appUITests";
			productName = "demo-appUITests";
			productReference = E0E04AC31DE73A1A00F64B7C /* demo-appUITests.xctest */;
			productType = "com.apple.product-type.bundle.ui-testing";
		};
/* End PBXNativeTarget section */

/* Begin PBXProject section */
		E0E04A9C1DE73A1900F64B7C /* Project object */ = {
			isa = PBXProject;
			attributes = {
				LastSwiftUpdateCheck = 0810;
				LastUpgradeCheck = 0810;
				ORGANIZATIONNAME = "Joel Ibaceta";
				TargetAttributes = {
					E0E04AA31DE73A1900F64B7C = {
						CreatedOnToolsVersion = 8.1;
						ProvisioningStyle = Automatic;
					};
					E0E04AB71DE73A1A00F64B7C = {
						CreatedOnToolsVersion = 8.1;
						ProvisioningStyle = Automatic;
						TestTargetID = E0E04AA31DE73A1900F64B7C;
					};
					E0E04AC21DE73A1A00F64B7C = {
						CreatedOnToolsVersion = 8.1;
						ProvisioningStyle = Automatic;
						TestTargetID = E0E04AA31DE73A1900F64B7C;
					};
				};
			};
			buildConfigurationList = E0E04A9F1DE73A1900F64B7C /* Build configuration list for PBXProject "demo-app" */;
			compatibilityVersion = "Xcode 3.2";
			developmentRegion = English;
			hasScannedForEncodings = 0;
			knownRegions = (
				en,
				Base,
			);
			mainGroup = E0E04A9B1DE73A1900F64B7C;
			productRefGroup = E0E04AA51DE73A1900F64B7C /* Products */;
			projectDirPath = "";
			projectRoot = "";
			targets = (
				E0E04AA31DE73A1900F64B7C /* demo-app */,
				E0E04AB71DE73A1A00F64B7C /* demo-appTests */,
				E0E04AC21DE73A1A00F64B7C /* demo-appUITests */,
			);
		};
/* End PBXProject section */

/* Begin PBXResourcesBuildPhase section */
		E0E04AA21DE73A1900F64B7C /* Resources */ = {
			isa = PBXResourcesBuildPhase;
			buildActionMask = 2147483647;
			files = (
				E0E04AB21DE73A1900F64B7C /* LaunchScreen.storyboard in Resources */,
				E0E04AAF1DE73A1900F64B7C /* Assets.xcassets in Resources */,
				E0E04AAD1DE73A1900F64B7C /* Main.storyboard in Resources */,
			);
			runOnlyForDeploymentPostprocessing = 0;
		};
		E0E04AB61DE73A1A00F64B7C /* Resources */ = {
			isa = PBXResourcesBuildPhase;
			buildActionMask = 2147483647;
			files = (
			);
			runOnlyForDeploymentPostprocessing = 0;
		};
		E0E04AC11DE73A1A00F64B7C /* Resources */ = {
			isa = PBXResourcesBuildPhase;
			buildActionMask = 2147483647;
			files = (
			);
			runOnlyForDeploymentPostprocessing = 0;
		};
/* End PBXResourcesBuildPhase section */

/* Begin PBXSourcesBuildPhase section */
		E0E04AA01DE73A1900F64B7C /* Sources */ = {
			isa = PBXSourcesBuildPhase;
			buildActionMask = 2147483647;
			files = (
				E0E04AAA1DE73A1900F64B7C /* ViewController.swift in Sources */,
				E0E04AA81DE73A1900F64B7C /* AppDelegate.swift in Sources */,
			);
			runOnlyForDeploymentPostprocessing = 0;
		};
		E0E04AB41DE73A1A00F64B7C /* Sources */ = {
			isa = PBXSourcesBuildPhase;
			buildActionMask = 2147483647;
			files = (
				E0E04ABD1DE73A1A00F64B7C /* demo_appTests.swift in Sources */,
			);
			runOnlyForDeploymentPostprocessing = 0;
		};
		E0E04ABF1DE73A1A00F64B7C /* Sources */ = {
			isa = PBXSourcesBuildPhase;
			buildActionMask = 2147483647;
			files = (
				E0E04AC81DE73A1A00F64B7C /* demo_appUITests.swift in Sources */,
			);
			runOnlyForDeploymentPostprocessing = 0;
		};
/* End PBXSourcesBuildPhase section */

/* Begin PBXTargetDependency section */
		E0E04ABA1DE73A1A00F64B7C /* PBXTargetDependency */ = {
			isa = PBXTargetDependency;
			target = E0E04AA31DE73A1900F64B7C /* demo-app */;
			targetProxy = E0E04AB91DE73A1A00F64B7C /* PBXContainerItemProxy */;
		};
		E0E04AC51DE73A1A00F64B7C /* PBXTargetDependency */ = {
			isa = PBXTargetDependency;
			target = E0E04AA31DE73A1900F64B7C /* demo-app */;
			targetProxy = E0E04AC41DE73A1A00F64B7C /* PBXContainerItemProxy */;
		};
/* End PBXTargetDependency section */

/* Begin PBXVariantGroup section */
		E0E04AAB1DE73A1900F64B7C /* Main.storyboard */ = {
			isa = PBXVariantGroup;
			children = (
				E0E04AAC1DE73A1900F64B7C /* Base */,
			);
			name = Main.storyboard;
			sourceTree = "<group>";
		};
		E0E04AB01DE73A1900F64B7C /* LaunchScreen.storyboard */ = {
			isa = PBXVariantGroup;
			children = (
				E0E04AB11DE73A1900F64B7C /* Base */,
			);
			name = LaunchScreen.storyboard;
			sourceTree = "<group>";
		};
/* End PBXVariantGroup section */

/* Begin XCBuildConfiguration section */
		E0E04ACA1DE73A1A00F64B7C /* Debug */ = {
			isa = XCBuildConfiguration;
			buildSettings = {
				ALWAYS_SEARCH_USER_PATHS = NO;
				CLANG_ANALYZER_NONNULL = YES;
				CLANG_CXX_LANGUAGE_STANDARD = "gnu++0x";
				CLANG_CXX_LIBRARY = "libc++";
				CLANG_ENABLE_MODULES = YES;
				CLANG_ENABLE_OBJC_ARC = YES;
				CLANG_WARN_BOOL_CONVERSION = YES;
				CLANG_WARN_CONSTANT_CONVERSION = YES;
				CLANG_WARN_DIRECT_OBJC_ISA_USAGE = YES_ERROR;
				CLANG_WARN_DOCUMENTATION_COMMENTS = YES;
				CLANG_WARN_EMPTY_BODY = YES;
				CLANG_WARN_ENUM_CONVERSION = YES;
				CLANG_WARN_INFINITE_RECURSION = YES;
				CLANG_WARN_INT_CONVERSION = YES;
				CLANG_WARN_OBJC_ROOT_CLASS = YES_ERROR;
				CLANG_WARN_SUSPICIOUS_MOVES = YES;
				CLANG_WARN_UNREACHABLE_CODE = YES;
				CLANG_WARN__DUPLICATE_METHOD_MATCH = YES;
				"CODE_SIGN_IDENTITY[sdk=iphoneos*]" = "iPhone Developer";
				COPY_PHASE_STRIP = NO;
				DEBUG_INFORMATION_FORMAT = dwarf;
				ENABLE_STRICT_OBJC_MSGSEND = YES;
				ENABLE_TESTABILITY = YES;
				GCC_C_LANGUAGE_STANDARD = gnu99;
				GCC_DYNAMIC_NO_PIC = NO;
				GCC_NO_COMMON_BLOCKS = YES;
				GCC_OPTIMIZATION_LEVEL = 0;
				GCC_PREPROCESSOR_DEFINITIONS = (
					"DEBUG=1",
					"$(inherited)",
				);
				GCC_WARN_64_TO_32_BIT_CONVERSION = YES;
				GCC_WARN_ABOUT_RETURN_TYPE = YES_ERROR;
				GCC_WARN_UNDECLARED_SELECTOR = YES;
				GCC_WARN_UNINITIALIZED_AUTOS = YES_AGGRESSIVE;
				GCC_WARN_UNUSED_FUNCTION = YES;
				GCC_WARN_UNUSED_VARIABLE = YES;
				IPHONEOS_DEPLOYMENT_TARGET = 10.1;
				MTL_ENABLE_DEBUG_INFO = YES;
				ONLY_ACTIVE_ARCH = YES;
				SDKROOT = iphoneos;
				SWIFT_ACTIVE_COMPILATION_CONDITIONS = DEBUG;
				SWIFT_OPTIMIZATION_LEVEL = "-Onone";
				TARGETED_DEVICE_FAMILY = "1,2";
			};
			name = Debug;
		};
		E0E04ACB1DE73A1A00F64B7C /* Release */ = {
			isa = XCBuildConfiguration;
			buildSettings = {
				ALWAYS_SEARCH_USER_PATHS = NO;
				CLANG_ANALYZER_NONNULL = YES;
				CLANG_CXX_LANGUAGE_STANDARD = "gnu++0x";
				CLANG_CXX_LIBRARY = "libc++";
				CLANG_ENABLE_MODULES = YES;
				CLANG_ENABLE_OBJC_ARC = YES;
				CLANG_WARN_BOOL_CONVERSION = YES;
				CLANG_WARN_CONSTANT_CONVERSION = YES;
				CLANG_WARN_DIRECT_OBJC_ISA_USAGE = YES_ERROR;
				CLANG_WARN_DOCUMENTATION_COMMENTS = YES;
				CLANG_WARN_EMPTY_BODY = YES;
				CLANG_WARN_ENUM_CONVERSION = YES;
				CLANG_WARN_INFINITE_RECURSION = YES;
				CLANG_WARN_INT_CONVERSION = YES;
				CLANG_WARN_OBJC_ROOT_CLASS = YES_ERROR;
				CLANG_WARN_SUSPICIOUS_MOVES = YES;
				CLANG_WARN_UNREACHABLE_CODE = YES;
				CLANG_WARN__DUPLICATE_METHOD_MATCH = YES;
				"CODE_SIGN_IDENTITY[sdk=iphoneos*]" = "iPhone Developer";
				COPY_PHASE_STRIP = NO;
				DEBUG_INFORMATION_FORMAT = "dwarf-with-dsym";
				ENABLE_NS_ASSERTIONS = NO;
				ENABLE_STRICT_OBJC_MSGSEND = YES;
				GCC_C_LANGUAGE_STANDARD = gnu99;
				GCC_NO_COMMON_BLOCKS = YES;
				GCC_WARN_64_TO_32_BIT_CONVERSION = YES;
				GCC_WARN_ABOUT_RETURN_TYPE = YES_ERROR;
				GCC_WARN_UNDECLARED_SELECTOR = YES;
				GCC_WARN_UNINITIALIZED_AUTOS = YES_AGGRESSIVE;
				GCC_WARN_UNUSED_FUNCTION = YES;
				GCC_WARN_UNUSED_VARIABLE = YES;
				IPHONEOS_DEPLOYMENT_TARGET = 10.1;
				MTL_ENABLE_DEBUG_INFO = NO;
				SDKROOT = iphoneos;
				SWIFT_OPTIMIZATION_LEVEL = "-Owholemodule";
				TARGETED_DEVICE_FAMILY = "1,2";
				VALIDATE_PRODUCT = YES;
			};
			name = Release;
		};
		E0E04ACD1DE73A1A00F64B7C /* Debug */ = {
			isa = XCBuildConfiguration;
			buildSettings = {
				ASSETCATALOG_COMPILER_APPICON_NAME = AppIcon;
				INFOPLIST_FILE = "demo-app/Info.plist";
				LD_RUNPATH_SEARCH_PATHS = "$(inherited) @executable_path/Frameworks";
				PRODUCT_BUNDLE_IDENTIFIER = "mp.demo-app";
				PRODUCT_NAME = "$(TARGET_NAME)";
				SWIFT_VERSION = 3.0;
			};
			name = Debug;
		};
		E0E04ACE1DE73A1A00F64B7C /* Release */ = {
			isa = XCBuildConfiguration;
			buildSettings = {
				ASSETCATALOG_COMPILER_APPICON_NAME = AppIcon;
				INFOPLIST_FILE = "demo-app/Info.plist";
				LD_RUNPATH_SEARCH_PATHS = "$(inherited) @executable_path/Frameworks";
				PRODUCT_BUNDLE_IDENTIFIER = "mp.demo-app";
				PRODUCT_NAME = "$(TARGET_NAME)";
				SWIFT_VERSION = 3.0;
			};
			name = Release;
		};
		E0E04AD01DE73A1A00F64B7C /* Debug */ = {
			isa = XCBuildConfiguration;
			buildSettings = {
				ALWAYS_EMBED_SWIFT_STANDARD_LIBRARIES = YES;
				BUNDLE_LOADER = "$(TEST_HOST)";
				INFOPLIST_FILE = "demo-appTests/Info.plist";
				LD_RUNPATH_SEARCH_PATHS = "$(inherited) @executable_path/Frameworks @loader_path/Frameworks";
				PRODUCT_BUNDLE_IDENTIFIER = "mp.demo-appTests";
				PRODUCT_NAME = "$(TARGET_NAME)";
				SWIFT_VERSION = 3.0;
				TEST_HOST = "$(BUILT_PRODUCTS_DIR)/demo-app.app/demo-app";
			};
			name = Debug;
		};
		E0E04AD11DE73A1A00F64B7C /* Release */ = {
			isa = XCBuildConfiguration;
			buildSettings = {
				ALWAYS_EMBED_SWIFT_STANDARD_LIBRARIES = YES;
				BUNDLE_LOADER = "$(TEST_HOST)";
				INFOPLIST_FILE = "demo-appTests/Info.plist";
				LD_RUNPATH_SEARCH_PATHS = "$(inherited) @executable_path/Frameworks @loader_path/Frameworks";
				PRODUCT_BUNDLE_IDENTIFIER = "mp.demo-appTests";
				PRODUCT_NAME = "$(TARGET_NAME)";
				SWIFT_VERSION = 3.0;
				TEST_HOST = "$(BUILT_PRODUCTS_DIR)/demo-app.app/demo-app";
			};
			name = Release;
		};
		E0E04AD31DE73A1A00F64B7C /* Debug */ = {
			isa = XCBuildConfiguration;
			buildSettings = {
				ALWAYS_EMBED_SWIFT_STANDARD_LIBRARIES = YES;
				INFOPLIST_FILE = "demo-appUITests/Info.plist";
				LD_RUNPATH_SEARCH_PATHS = "$(inherited) @executable_path/Frameworks @loader_path/Frameworks";
				PRODUCT_BUNDLE_IDENTIFIER = "mp.demo-appUITests";
				PRODUCT_NAME = "$(TARGET_NAME)";
				SWIFT_VERSION = 3.0;
				TEST_TARGET_NAME = "demo-app";
			};
			name = Debug;
		};
		E0E04AD41DE73A1A00F64B7C /* Release */ = {
			isa = XCBuildConfiguration;
			buildSettings = {
				ALWAYS_EMBED_SWIFT_STANDARD_LIBRARIES = YES;
				INFOPLIST_FILE = "demo-appUITests/Info.plist";
				LD_RUNPATH_SEARCH_PATHS = "$(inherited) @executable_path/Frameworks @loader_path/Frameworks";
				PRODUCT_BUNDLE_IDENTIFIER = "mp.demo-appUITests";
				PRODUCT_NAME = "$(TARGET_NAME)";
				SWIFT_VERSION = 3.0;
				TEST_TARGET_NAME = "demo-app";
			};
			name = Release;
		};
/* End XCBuildConfiguration section */

/* Begin XCConfigurationList section */
		E0E04A9F1DE73A1900F64B7C /* Build configuration list for PBXProject "demo-app" */ = {
			isa = XCConfigurationList;
			buildConfigurations = (
				E0E04ACA1DE73A1A00F64B7C /* Debug */,
				E0E04ACB1DE73A1A00F64B7C /* Release */,
			);
			defaultConfigurationIsVisible = 0;
			defaultConfigurationName = Release;
		};
		E0E04ACC1DE73A1A00F64B7C /* Build configuration list for PBXNativeTarget "demo-app" */ = {
			isa = XCConfigurationList;
			buildConfigurations = (
				E0E04ACD1DE73A1A00F64B7C /* Debug */,
				E0E04ACE1DE73A1A00F64B7C /* Release */,
			);
			defaultConfigurationIsVisible = 0;
		};
		E0E04ACF1DE73A1A00F64B7C /* Build configuration list for PBXNativeTarget "demo-appTests" */ = {
			isa = XCConfigurationList;
			buildConfigurations = (
				E0E04AD01DE73A1A00F64B7C /* Debug */,
				E0E04AD11DE73A1A00F64B7C /* Release */,
			);
			defaultConfigurationIsVisible = 0;
		};
		E0E04AD21DE73A1A00F64B7C /* Build configuration list for PBXNativeTarget "demo-appUITests" */ = {
			isa = XCConfigurationList;
			buildConfigurations = (
				E0E04AD31DE73A1A00F64B7C /* Debug */,
				E0E04AD41DE73A1A00F64B7C /* Release */,
			);
			defaultConfigurationIsVisible = 0;
		};
/* End XCConfigurationList section */
	};
	rootObject = E0E04A9C1DE73A1900F64B7C /* Project object */;
}
